{
  "name": "benchmark",
  "lockfileVersion": 3,
  "requires": true,
  "packages": {
    "": {
      "dependencies": {
        "commonmark": "0.26.0",
        "markdown-it": "markdown-it/markdown-it.git#2.2.1",
        "marked": "0.3.6"
      }
    },
    "node_modules/argparse": {
      "version": "0.1.16",
      "resolved": "https://registry.npmjs.org/argparse/-/argparse-0.1.16.tgz",
      "integrity": "sha512-LjmC2dNpdn2L4UzyoaIr11ELYoLn37ZFy9zObrQFHsSuOepeUEMKnM8w5KL4Tnrp2gy88rRuQt6Ky8Bjml+Baw==",
      "license": "MIT",
      "dependencies": {
        "underscore": "~1.7.0",
        "underscore.string": "~2.4.0"
      }
    },
    "node_modules/autolinker": {
      "version": "0.15.3",
      "resolved": "https://registry.npmjs.org/autolinker/-/autolinker-0.15.3.tgz",
      "integrity": "sha512-mCyPIctUTUl324as6lCXFOkntxzZfVsKCCjivm0tlkig9GTUJ7Ap/TreIqeYyyJcrddro5g0a5cRnM/4pzfJgw==",
      "license": "MIT Licensed. http://www.opensource.org/licenses/mit-license.php"
    },
    "node_modules/commonmark": {
      "version": "0.26.0",
      "resolved": "https://registry.npmjs.org/commonmark/-/commonmark-0.26.0.tgz",
      "integrity": "sha512-0PvjGTgkIjIdImgpt1xgR049Nyz/x27vhYT+C0ZkNuxEiys/lJZKotOVKa4y7JbtMsTutg/gCLH+13DFnaOjWg==",
      "license": "BSD-2-Clause",
      "dependencies": {
        "entities": "~ 1.1.1",
        "mdurl": "~ 1.0.1",
        "minimist": "~ 1.2.0",
        "string.prototype.repeat": "^0.2.0"
      },
      "bin": {
        "commonmark": "bin/commonmark"
      },
      "engines": {
        "node": "*"
      }
    },
    "node_modules/entities": {
      "version": "1.1.2",
      "resolved": "https://registry.npmjs.org/entities/-/entities-1.1.2.tgz",
      "integrity": "sha512-f2LZMYl1Fzu7YSBKg+RoROelpOaNrcGmE9AZubeDfrCEia483oW4MI4VyFd5VNHIgQ/7qm1I0wUHK1eJnn2y2w==",
      "license": "BSD-2-Clause"
    },
    "node_modules/markdown-it": {
      "version": "2.2.1",
      "resolved": "git+ssh://git@github.com/markdown-it/markdown-it.git#abaf0bd1c4878cec5e7ede75ea14804aebc6395a",
      "license": "MIT",
      "dependencies": {
        "argparse": "~ 0.1.15",
        "autolinker": "~ 0.15.0"
      }
    },
    "node_modules/marked": {
      "version": "0.3.6",
      "resolved": "https://registry.npmjs.org/marked/-/marked-0.3.6.tgz",
      "integrity": "sha512-gE75oL01YUIxaBqgeGBuNNd8u0L+H1N6xeW/s+O57o5EC31aPX1M1lD4W9eGyHFJGTwOgMkqzYODZ4yp5w20gQ==",
      "license": "MIT",
      "bin": {
        "marked": "bin/marked"
      }
    },
    "node_modules/mdurl": {
      "version": "1.0.1",
      "resolved": "https://registry.npmjs.org/mdurl/-/mdurl-1.0.1.tgz",
      "integrity": "sha512-/sKlQJCBYVY9Ers9hqzKou4H6V5UWc/M59TH2dvkt+84itfnq7uFOMLpOiOS4ujvHP4etln18fmIxA5R5fll0g==",
      "license": "MIT"
    },
    "node_modules/minimist": {
      "version": "1.2.8",
      "resolved": "https://registry.npmjs.org/minimist/-/minimist-1.2.8.tgz",
      "integrity": "sha512-2yyAR8qBkN3YuheJanUpWC5U3bb5osDywNB8RzDVlDwDHbocAJveqqj1u8+SVD7jkWT4yvsHCpWqqWqAxb0zCA==",
      "license": "MIT",
      "funding": {
        "url": "https://github.com/sponsors/ljharb"
      }
    },
    "node_modules/string.prototype.repeat": {
      "version": "0.2.0",
      "resolved": "https://registry.npmjs.org/string.prototype.repeat/-/string.prototype.repeat-0.2.0.tgz",
      "integrity": "sha512-1BH+X+1hSthZFW+X+JaUkjkkUPwIlLEMJBLANN3hOob3RhEk5snLWNECDnYbgn/m5c5JV7Ersu1Yubaf+05cIA=="
    },
    "node_modules/underscore": {
      "version": "1.7.0",
      "resolved": "https://registry.npmjs.org/underscore/-/underscore-1.7.0.tgz",
      "integrity": "sha512-cp0oQQyZhUM1kpJDLdGO1jPZHgS/MpzoWYfe9+CM2h/QGDZlqwT2T3YGukuBdaNJ/CAPoeyAZRRHz8JFo176vA=="
    },
    "node_modules/underscore.string": {
      "version": "2.4.0",
      "resolved": "https://registry.npmjs.org/underscore.string/-/underscore.string-2.4.0.tgz",
      "integrity": "sha512-yxkabuCaIBnzfIvX3kBxQqCs0ar/bfJwDnFEHJUm/ZrRVhT3IItdRF5cZjARLzEnyQYtIUhsZ2LG2j3HidFOFQ==",
      "engines": {
        "node": "*"
      }
    }
  }
}
